
Microsoft Visual Studio Solution File, Format Version 12.00
# Visual Studio Version 16
VisualStudioVersion = 16.0.31313.79
MinimumVisualStudioVersion = 10.0.40219.1
Project("{FAE04EC0-301F-11D3-BF4B-00C04F79EFBC}") = "Bridge.Facade.Alibaba.Encoder", "Bridge.Facade.Alibaba.Encoder\Bridge.Facade.Alibaba.Encoder.csproj", "{4173DBBF-5AB0-4EE2-880A-F936E3566BCE}"
EndProject
Global
	GlobalSection(SolutionConfigurationPlatforms) = preSolution
		Debug|Any CPU = Debug|Any CPU
		Release|Any CPU = Release|Any CPU
	EndGlobalSection
	GlobalSection(ProjectConfigurationPlatforms) = postSolution
		{4173DBBF-5AB0-4EE2-880A-F936E3566BCE}.Debug|Any CPU.ActiveCfg = Debug|Any CPU
		{4173DBBF-5AB0-4EE2-880A-F936E3566BCE}.Debug|Any CPU.Build.0 = Debug|Any CPU
		{4173DBBF-5AB0-4EE2-880A-F936E3566BCE}.Release|Any CPU.ActiveCfg = Release|Any CPU
		{4173DBBF-5AB0-4EE2-880A-F936E3566BCE}.Release|Any CPU.Build.0 = Release|Any CPU
	EndGlobalSection
	GlobalSection(SolutionProperties) = preSolution
		HideSolutionNode = FALSE
	EndGlobalSection
	GlobalSection(ExtensibilityGlobals) = postSolution
		SolutionGuid = {B3DBB86B-F2CE-406E-8CD8-EA6E8FD944B9}
	EndGlobalSection
EndGlobal
