
Microsoft Visual Studio Solution File, Format Version 12.00
# Visual Studio Version 16
VisualStudioVersion = 16.0.31313.79
MinimumVisualStudioVersion = 10.0.40219.1
Project("{FAE04EC0-301F-11D3-BF4B-00C04F79EFBC}") = "RomanC.Alibaba.Facade.Encoder.Server", "Server\RomanC.Alibaba.Facade.Encoder.Server.csproj", "{973B8E44-CB8C-42B3-AD25-12D4F4181E0F}"
EndProject
Project("{FAE04EC0-301F-11D3-BF4B-00C04F79EFBC}") = "RomanC.Alibaba.Facade.Encoder.Client", "Client\RomanC.Alibaba.Facade.Encoder.Client.csproj", "{36BBCAAF-1275-4C54-BD3A-5EE72B132220}"
EndProject
Project("{FAE04EC0-301F-11D3-BF4B-00C04F79EFBC}") = "RomanC.Alibaba.Facade.Encoder.Shared", "Shared\RomanC.Alibaba.Facade.Encoder.Shared.csproj", "{C9C9A909-40F1-4201-BA25-807FA83F71EC}"
EndProject
Global
	GlobalSection(SolutionConfigurationPlatforms) = preSolution
		Debug|Any CPU = Debug|Any CPU
		Release|Any CPU = Release|Any CPU
	EndGlobalSection
	GlobalSection(ProjectConfigurationPlatforms) = postSolution
		{973B8E44-CB8C-42B3-AD25-12D4F4181E0F}.Debug|Any CPU.ActiveCfg = Debug|Any CPU
		{973B8E44-CB8C-42B3-AD25-12D4F4181E0F}.Debug|Any CPU.Build.0 = Debug|Any CPU
		{973B8E44-CB8C-42B3-AD25-12D4F4181E0F}.Release|Any CPU.ActiveCfg = Release|Any CPU
		{973B8E44-CB8C-42B3-AD25-12D4F4181E0F}.Release|Any CPU.Build.0 = Release|Any CPU
		{36BBCAAF-1275-4C54-BD3A-5EE72B132220}.Debug|Any CPU.ActiveCfg = Debug|Any CPU
		{36BBCAAF-1275-4C54-BD3A-5EE72B132220}.Debug|Any CPU.Build.0 = Debug|Any CPU
		{36BBCAAF-1275-4C54-BD3A-5EE72B132220}.Release|Any CPU.ActiveCfg = Release|Any CPU
		{36BBCAAF-1275-4C54-BD3A-5EE72B132220}.Release|Any CPU.Build.0 = Release|Any CPU
		{C9C9A909-40F1-4201-BA25-807FA83F71EC}.Debug|Any CPU.ActiveCfg = Debug|Any CPU
		{C9C9A909-40F1-4201-BA25-807FA83F71EC}.Debug|Any CPU.Build.0 = Debug|Any CPU
		{C9C9A909-40F1-4201-BA25-807FA83F71EC}.Release|Any CPU.ActiveCfg = Release|Any CPU
		{C9C9A909-40F1-4201-BA25-807FA83F71EC}.Release|Any CPU.Build.0 = Release|Any CPU
	EndGlobalSection
	GlobalSection(SolutionProperties) = preSolution
		HideSolutionNode = FALSE
	EndGlobalSection
	GlobalSection(ExtensibilityGlobals) = postSolution
		SolutionGuid = {B3DBB86B-F2CE-406E-8CD8-EA6E8FD944B9}
	EndGlobalSection
EndGlobal
